
Microsoft Visual Studio Solution File, Format Version 12.00
# Visual Studio Version 17
VisualStudioVersion = 17.3.32922.545
MinimumVisualStudioVersion = 10.0.40219.1
Project("{FAE04EC0-301F-11D3-BF4B-00C04F79EFBC}") = "UnitConverterXamarin.Android", "UnitConverterXamarin.Android\UnitConverterXamarin.Android.csproj", "{8DC4061C-9711-41B4-A2BD-D7C116CF95F6}"
EndProject
Project("{FAE04EC0-301F-11D3-BF4B-00C04F79EFBC}") = "UnitConverterXamarin.iOS", "UnitConverterXamarin.iOS\UnitConverterXamarin.iOS.csproj", "{35DA3C93-4486-476E-AFE1-876DA0BED356}"
EndProject
Project("{9A19103F-16F7-4668-BE54-9A1E7A4F7556}") = "UnitConverterXamarin", "UnitConverterXamarin\UnitConverterXamarin.csproj", "{93ACC40A-F0E0-437C-92A0-C156DEABCDD0}"
EndProject
Global
	GlobalSection(SolutionConfigurationPlatforms) = preSolution
		Debug|Any CPU = Debug|Any CPU
		Debug|iPhone = Debug|iPhone
		Debug|iPhoneSimulator = Debug|iPhoneSimulator
		Release|Any CPU = Release|Any CPU
		Release|iPhone = Release|iPhone
		Release|iPhoneSimulator = Release|iPhoneSimulator
	EndGlobalSection
	GlobalSection(ProjectConfigurationPlatforms) = postSolution
		{8DC4061C-9711-41B4-A2BD-D7C116CF95F6}.Debug|Any CPU.ActiveCfg = Debug|Any CPU
		{8DC4061C-9711-41B4-A2BD-D7C116CF95F6}.Debug|Any CPU.Build.0 = Debug|Any CPU
		{8DC4061C-9711-41B4-A2BD-D7C116CF95F6}.Debug|Any CPU.Deploy.0 = Debug|Any CPU
		{8DC4061C-9711-41B4-A2BD-D7C116CF95F6}.Debug|iPhone.ActiveCfg = Debug|Any CPU
		{8DC4061C-9711-41B4-A2BD-D7C116CF95F6}.Debug|iPhone.Build.0 = Debug|Any CPU
		{8DC4061C-9711-41B4-A2BD-D7C116CF95F6}.Debug|iPhone.Deploy.0 = Debug|Any CPU
		{8DC4061C-9711-41B4-A2BD-D7C116CF95F6}.Debug|iPhoneSimulator.ActiveCfg = Debug|Any CPU
		{8DC4061C-9711-41B4-A2BD-D7C116CF95F6}.Debug|iPhoneSimulator.Build.0 = Debug|Any CPU
		{8DC4061C-9711-41B4-A2BD-D7C116CF95F6}.Debug|iPhoneSimulator.Deploy.0 = Debug|Any CPU
		{8DC4061C-9711-41B4-A2BD-D7C116CF95F6}.Release|Any CPU.ActiveCfg = Release|Any CPU
		{8DC4061C-9711-41B4-A2BD-D7C116CF95F6}.Release|Any CPU.Build.0 = Release|Any CPU
		{8DC4061C-9711-41B4-A2BD-D7C116CF95F6}.Release|Any CPU.Deploy.0 = Release|Any CPU
		{8DC4061C-9711-41B4-A2BD-D7C116CF95F6}.Release|iPhone.ActiveCfg = Release|Any CPU
		{8DC4061C-9711-41B4-A2BD-D7C116CF95F6}.Release|iPhone.Build.0 = Release|Any CPU
		{8DC4061C-9711-41B4-A2BD-D7C116CF95F6}.Release|iPhone.Deploy.0 = Release|Any CPU
		{8DC4061C-9711-41B4-A2BD-D7C116CF95F6}.Release|iPhoneSimulator.ActiveCfg = Release|Any CPU
		{8DC4061C-9711-41B4-A2BD-D7C116CF95F6}.Release|iPhoneSimulator.Build.0 = Release|Any CPU
		{8DC4061C-9711-41B4-A2BD-D7C116CF95F6}.Release|iPhoneSimulator.Deploy.0 = Release|Any CPU
		{35DA3C93-4486-476E-AFE1-876DA0BED356}.Debug|Any CPU.ActiveCfg = Debug|iPhone
		{35DA3C93-4486-476E-AFE1-876DA0BED356}.Debug|Any CPU.Build.0 = Debug|iPhone
		{35DA3C93-4486-476E-AFE1-876DA0BED356}.Debug|Any CPU.Deploy.0 = Debug|iPhone
		{35DA3C93-4486-476E-AFE1-876DA0BED356}.Debug|iPhone.ActiveCfg = Debug|iPhone
		{35DA3C93-4486-476E-AFE1-876DA0BED356}.Debug|iPhone.Build.0 = Debug|iPhone
		{35DA3C93-4486-476E-AFE1-876DA0BED356}.Debug|iPhone.Deploy.0 = Debug|iPhone
		{35DA3C93-4486-476E-AFE1-876DA0BED356}.Debug|iPhoneSimulator.ActiveCfg = Debug|iPhoneSimulator
		{35DA3C93-4486-476E-AFE1-876DA0BED356}.Debug|iPhoneSimulator.Build.0 = Debug|iPhoneSimulator
		{35DA3C93-4486-476E-AFE1-876DA0BED356}.Debug|iPhoneSimulator.Deploy.0 = Debug|iPhoneSimulator
		{35DA3C93-4486-476E-AFE1-876DA0BED356}.Release|Any CPU.ActiveCfg = Release|iPhoneSimulator
		{35DA3C93-4486-476E-AFE1-876DA0BED356}.Release|Any CPU.Build.0 = Release|iPhoneSimulator
		{35DA3C93-4486-476E-AFE1-876DA0BED356}.Release|Any CPU.Deploy.0 = Release|iPhoneSimulator
		{35DA3C93-4486-476E-AFE1-876DA0BED356}.Release|iPhone.ActiveCfg = Release|iPhone
		{35DA3C93-4486-476E-AFE1-876DA0BED356}.Release|iPhone.Build.0 = Release|iPhone
		{35DA3C93-4486-476E-AFE1-876DA0BED356}.Release|iPhone.Deploy.0 = Release|iPhone
		{35DA3C93-4486-476E-AFE1-876DA0BED356}.Release|iPhoneSimulator.ActiveCfg = Release|iPhoneSimulator
		{35DA3C93-4486-476E-AFE1-876DA0BED356}.Release|iPhoneSimulator.Build.0 = Release|iPhoneSimulator
		{35DA3C93-4486-476E-AFE1-876DA0BED356}.Release|iPhoneSimulator.Deploy.0 = Release|iPhoneSimulator
		{93ACC40A-F0E0-437C-92A0-C156DEABCDD0}.Debug|Any CPU.ActiveCfg = Debug|Any CPU
		{93ACC40A-F0E0-437C-92A0-C156DEABCDD0}.Debug|Any CPU.Build.0 = Debug|Any CPU
		{93ACC40A-F0E0-437C-92A0-C156DEABCDD0}.Debug|Any CPU.Deploy.0 = Debug|Any CPU
		{93ACC40A-F0E0-437C-92A0-C156DEABCDD0}.Debug|iPhone.ActiveCfg = Debug|Any CPU
		{93ACC40A-F0E0-437C-92A0-C156DEABCDD0}.Debug|iPhone.Build.0 = Debug|Any CPU
		{93ACC40A-F0E0-437C-92A0-C156DEABCDD0}.Debug|iPhone.Deploy.0 = Debug|Any CPU
		{93ACC40A-F0E0-437C-92A0-C156DEABCDD0}.Debug|iPhoneSimulator.ActiveCfg = Debug|Any CPU
		{93ACC40A-F0E0-437C-92A0-C156DEABCDD0}.Debug|iPhoneSimulator.Build.0 = Debug|Any CPU
		{93ACC40A-F0E0-437C-92A0-C156DEABCDD0}.Debug|iPhoneSimulator.Deploy.0 = Debug|Any CPU
		{93ACC40A-F0E0-437C-92A0-C156DEABCDD0}.Release|Any CPU.ActiveCfg = Release|Any CPU
		{93ACC40A-F0E0-437C-92A0-C156DEABCDD0}.Release|Any CPU.Build.0 = Release|Any CPU
		{93ACC40A-F0E0-437C-92A0-C156DEABCDD0}.Release|Any CPU.Deploy.0 = Release|Any CPU
		{93ACC40A-F0E0-437C-92A0-C156DEABCDD0}.Release|iPhone.ActiveCfg = Release|Any CPU
		{93ACC40A-F0E0-437C-92A0-C156DEABCDD0}.Release|iPhone.Build.0 = Release|Any CPU
		{93ACC40A-F0E0-437C-92A0-C156DEABCDD0}.Release|iPhone.Deploy.0 = Release|Any CPU
		{93ACC40A-F0E0-437C-92A0-C156DEABCDD0}.Release|iPhoneSimulator.ActiveCfg = Release|Any CPU
		{93ACC40A-F0E0-437C-92A0-C156DEABCDD0}.Release|iPhoneSimulator.Build.0 = Release|Any CPU
		{93ACC40A-F0E0-437C-92A0-C156DEABCDD0}.Release|iPhoneSimulator.Deploy.0 = Release|Any CPU
	EndGlobalSection
	GlobalSection(SolutionProperties) = preSolution
		HideSolutionNode = FALSE
	EndGlobalSection
	GlobalSection(ExtensibilityGlobals) = postSolution
		SolutionGuid = {4DF86CB2-3459-460E-A7E3-67EB6F2712D7}
	EndGlobalSection
EndGlobal
